// !$*UTF8*$!
{
	archiveVersion = 1;
	classes = {
	};
	objectVersion = 51;
	objects = {

/* Begin PBXBuildFile section */
		06177C1F239A8B9100FA8FC5 /* Service.swift in Sources */ = {isa = PBXBuildFile; fileRef = 06177C1E239A8B9100FA8FC5 /* Service.swift */; };
		06177C22239AB10100FA8FC5 /* SearchMovie.swift in Sources */ = {isa = PBXBuildFile; fileRef = 06177C21239AB10100FA8FC5 /* SearchMovie.swift */; };
		06177C24239AB2CA00FA8FC5 /* SearchMovieDetails.swift in Sources */ = {isa = PBXBuildFile; fileRef = 06177C23239AB2CA00FA8FC5 /* SearchMovieDetails.swift */; };
		06177C26239AB2F100FA8FC5 /* ResponseResult.swift in Sources */ = {isa = PBXBuildFile; fileRef = 06177C25239AB2F100FA8FC5 /* ResponseResult.swift */; };
		06177C28239AB9CC00FA8FC5 /* AlertPresenter.swift in Sources */ = {isa = PBXBuildFile; fileRef = 06177C27239AB9CC00FA8FC5 /* AlertPresenter.swift */; };
		06177C2B239ABA4600FA8FC5 /* Reachability.swift in Sources */ = {isa = PBXBuildFile; fileRef = 06177C2A239ABA4600FA8FC5 /* Reachability.swift */; };
		06177C2D239ABEA900FA8FC5 /* Connectivity.swift in Sources */ = {isa = PBXBuildFile; fileRef = 06177C2C239ABEA900FA8FC5 /* Connectivity.swift */; };
		06177C2F239AC05F00FA8FC5 /* SearchViewController.swift in Sources */ = {isa = PBXBuildFile; fileRef = 06177C2E239AC05F00FA8FC5 /* SearchViewController.swift */; };
		063B0743239AF1720069AC67 /* MovieCustomTableViewCell.swift in Sources */ = {isa = PBXBuildFile; fileRef = 063B0742239AF1720069AC67 /* MovieCustomTableViewCell.swift */; };
		067EB14423999C2E00CA6C69 /* MovieDetails.swift in Sources */ = {isa = PBXBuildFile; fileRef = 067EB14323999C2D00CA6C69 /* MovieDetails.swift */; };
		06A99E262399337B0093EE0E /* AppDelegate.swift in Sources */ = {isa = PBXBuildFile; fileRef = 06A99E252399337B0093EE0E /* AppDelegate.swift */; };
		06A99E282399337B0093EE0E /* SceneDelegate.swift in Sources */ = {isa = PBXBuildFile; fileRef = 06A99E272399337B0093EE0E /* SceneDelegate.swift */; };
		06A99E2A2399337B0093EE0E /* SplashViewController.swift in Sources */ = {isa = PBXBuildFile; fileRef = 06A99E292399337B0093EE0E /* SplashViewController.swift */; };
		06A99E2D2399337B0093EE0E /* Main.storyboard in Resources */ = {isa = PBXBuildFile; fileRef = 06A99E2B2399337B0093EE0E /* Main.storyboard */; };
		06A99E2F2399337E0093EE0E /* Assets.xcassets in Resources */ = {isa = PBXBuildFile; fileRef = 06A99E2E2399337E0093EE0E /* Assets.xcassets */; };
		06A99E322399337E0093EE0E /* LaunchScreen.storyboard in Resources */ = {isa = PBXBuildFile; fileRef = 06A99E302399337E0093EE0E /* LaunchScreen.storyboard */; };
		06A99E3D2399337E0093EE0E /* MovieNightTests.swift in Sources */ = {isa = PBXBuildFile; fileRef = 06A99E3C2399337E0093EE0E /* MovieNightTests.swift */; };
		06A99E482399337E0093EE0E /* MovieNightUITests.swift in Sources */ = {isa = PBXBuildFile; fileRef = 06A99E472399337E0093EE0E /* MovieNightUITests.swift */; };
		323D90FBDEFC9C06C5579787 /* Pods_MovieNight.framework in Frameworks */ = {isa = PBXBuildFile; fileRef = 3877391D81239A2228138614 /* Pods_MovieNight.framework */; };
/* End PBXBuildFile section */

/* Begin PBXContainerItemProxy section */
		06A99E392399337E0093EE0E /* PBXContainerItemProxy */ = {
			isa = PBXContainerItemProxy;
			containerPortal = 06A99E1A2399337B0093EE0E /* Project object */;
			proxyType = 1;
			remoteGlobalIDString = 06A99E212399337B0093EE0E;
			remoteInfo = MovieNight;
		};
		06A99E442399337E0093EE0E /* PBXContainerItemProxy */ = {
			isa = PBXContainerItemProxy;
			containerPortal = 06A99E1A2399337B0093EE0E /* Project object */;
			proxyType = 1;
			remoteGlobalIDString = 06A99E212399337B0093EE0E;
			remoteInfo = MovieNight;
		};
/* End PBXContainerItemProxy section */

/* Begin PBXFileReference section */
		06177C1E239A8B9100FA8FC5 /* Service.swift */ = {isa = PBXFileReference; lastKnownFileType = sourcecode.swift; path = Service.swift; sourceTree = "<group>"; };
		06177C21239AB10100FA8FC5 /* SearchMovie.swift */ = {isa = PBXFileReference; lastKnownFileType = sourcecode.swift; path = SearchMovie.swift; sourceTree = "<group>"; };
		06177C23239AB2CA00FA8FC5 /* SearchMovieDetails.swift */ = {isa = PBXFileReference; lastKnownFileType = sourcecode.swift; path = SearchMovieDetails.swift; sourceTree = "<group>"; };
		06177C25239AB2F100FA8FC5 /* ResponseResult.swift */ = {isa = PBXFileReference; lastKnownFileType = sourcecode.swift; path = ResponseResult.swift; sourceTree = "<group>"; };
		06177C27239AB9CC00FA8FC5 /* AlertPresenter.swift */ = {isa = PBXFileReference; lastKnownFileType = sourcecode.swift; path = AlertPresenter.swift; sourceTree = "<group>"; };
		06177C2A239ABA4600FA8FC5 /* Reachability.swift */ = {isa = PBXFileReference; lastKnownFileType = sourcecode.swift; path = Reachability.swift; sourceTree = "<group>"; };
		06177C2C239ABEA900FA8FC5 /* Connectivity.swift */ = {isa = PBXFileReference; lastKnownFileType = sourcecode.swift; path = Connectivity.swift; sourceTree = "<group>"; };
		06177C2E239AC05F00FA8FC5 /* SearchViewController.swift */ = {isa = PBXFileReference; lastKnownFileType = sourcecode.swift; path = SearchViewController.swift; sourceTree = "<group>"; };
		063B0742239AF1720069AC67 /* MovieCustomTableViewCell.swift */ = {isa = PBXFileReference; lastKnownFileType = sourcecode.swift; path = MovieCustomTableViewCell.swift; sourceTree = "<group>"; };
		067EB14323999C2D00CA6C69 /* MovieDetails.swift */ = {isa = PBXFileReference; lastKnownFileType = sourcecode.swift; path = MovieDetails.swift; sourceTree = "<group>"; };
		06A99E222399337B0093EE0E /* MovieNight.app */ = {isa = PBXFileReference; explicitFileType = wrapper.application; includeInIndex = 0; path = MovieNight.app; sourceTree = BUILT_PRODUCTS_DIR; };
		06A99E252399337B0093EE0E /* AppDelegate.swift */ = {isa = PBXFileReference; lastKnownFileType = sourcecode.swift; path = AppDelegate.swift; sourceTree = "<group>"; };
		06A99E272399337B0093EE0E /* SceneDelegate.swift */ = {isa = PBXFileReference; lastKnownFileType = sourcecode.swift; path = SceneDelegate.swift; sourceTree = "<group>"; };
		06A99E292399337B0093EE0E /* SplashViewController.swift */ = {isa = PBXFileReference; lastKnownFileType = sourcecode.swift; path = SplashViewController.swift; sourceTree = "<group>"; };
		06A99E2C2399337B0093EE0E /* Base */ = {isa = PBXFileReference; lastKnownFileType = file.storyboard; name = Base; path = Base.lproj/Main.storyboard; sourceTree = "<group>"; };
		06A99E2E2399337E0093EE0E /* Assets.xcassets */ = {isa = PBXFileReference; lastKnownFileType = folder.assetcatalog; path = Assets.xcassets; sourceTree = "<group>"; };
		06A99E312399337E0093EE0E /* Base */ = {isa = PBXFileReference; lastKnownFileType = file.storyboard; name = Base; path = Base.lproj/LaunchScreen.storyboard; sourceTree = "<group>"; };
		06A99E332399337E0093EE0E /* Info.plist */ = {isa = PBXFileReference; lastKnownFileType = text.plist.xml; path = Info.plist; sourceTree = "<group>"; };
		06A99E382399337E0093EE0E /* MovieNightTests.xctest */ = {isa = PBXFileReference; explicitFileType = wrapper.cfbundle; includeInIndex = 0; path = MovieNightTests.xctest; sourceTree = BUILT_PRODUCTS_DIR; };
		06A99E3C2399337E0093EE0E /* MovieNightTests.swift */ = {isa = PBXFileReference; lastKnownFileType = sourcecode.swift; path = MovieNightTests.swift; sourceTree = "<group>"; };
		06A99E3E2399337E0093EE0E /* Info.plist */ = {isa = PBXFileReference; lastKnownFileType = text.plist.xml; path = Info.plist; sourceTree = "<group>"; };
		06A99E432399337E0093EE0E /* MovieNightUITests.xctest */ = {isa = PBXFileReference; explicitFileType = wrapper.cfbundle; includeInIndex = 0; path = MovieNightUITests.xctest; sourceTree = BUILT_PRODUCTS_DIR; };
		06A99E472399337E0093EE0E /* MovieNightUITests.swift */ = {isa = PBXFileReference; lastKnownFileType = sourcecode.swift; path = MovieNightUITests.swift; sourceTree = "<group>"; };
		06A99E492399337E0093EE0E /* Info.plist */ = {isa = PBXFileReference; lastKnownFileType = text.plist.xml; path = Info.plist; sourceTree = "<group>"; };
		06AFEA4C239A7CC5007358B3 /* Alamofire.framework */ = {isa = PBXFileReference; explicitFileType = wrapper.framework; path = Alamofire.framework; sourceTree = BUILT_PRODUCTS_DIR; };
		06AFEA50239A7D2B007358B3 /* Alamofire.framework */ = {isa = PBXFileReference; explicitFileType = wrapper.framework; path = Alamofire.framework; sourceTree = BUILT_PRODUCTS_DIR; };
		06AFEA54239A7DC2007358B3 /* Alamofire.framework */ = {isa = PBXFileReference; explicitFileType = wrapper.framework; path = Alamofire.framework; sourceTree = BUILT_PRODUCTS_DIR; };
		06D9B24D05FF4400EBC10215 /* Pods-MovieNight.release.xcconfig */ = {isa = PBXFileReference; includeInIndex = 1; lastKnownFileType = text.xcconfig; name = "Pods-MovieNight.release.xcconfig"; path = "Target Support Files/Pods-MovieNight/Pods-MovieNight.release.xcconfig"; sourceTree = "<group>"; };
		3877391D81239A2228138614 /* Pods_MovieNight.framework */ = {isa = PBXFileReference; explicitFileType = wrapper.framework; includeInIndex = 0; path = Pods_MovieNight.framework; sourceTree = BUILT_PRODUCTS_DIR; };
		DA6116E09B7FE2DCCE21D3A0 /* Pods-MovieNight.debug.xcconfig */ = {isa = PBXFileReference; includeInIndex = 1; lastKnownFileType = text.xcconfig; name = "Pods-MovieNight.debug.xcconfig"; path = "Target Support Files/Pods-MovieNight/Pods-MovieNight.debug.xcconfig"; sourceTree = "<group>"; };
/* End PBXFileReference section */

/* Begin PBXFrameworksBuildPhase section */
		06A99E1F2399337B0093EE0E /* Frameworks */ = {
			isa = PBXFrameworksBuildPhase;
			buildActionMask = 2147483647;
			files = (
				323D90FBDEFC9C06C5579787 /* Pods_MovieNight.framework in Frameworks */,
			);
			runOnlyForDeploymentPostprocessing = 0;
		};
		06A99E352399337E0093EE0E /* Frameworks */ = {
			isa = PBXFrameworksBuildPhase;
			buildActionMask = 2147483647;
			files = (
			);
			runOnlyForDeploymentPostprocessing = 0;
		};
		06A99E402399337E0093EE0E /* Frameworks */ = {
			isa = PBXFrameworksBuildPhase;
			buildActionMask = 2147483647;
			files = (
			);
			runOnlyForDeploymentPostprocessing = 0;
		};
/* End PBXFrameworksBuildPhase section */

/* Begin PBXGroup section */
		06177C1C239A8B7400FA8FC5 /* Service */ = {
			isa = PBXGroup;
			children = (
				06177C1D239A8B7E00FA8FC5 /* REST */,
			);
			path = Service;
			sourceTree = "<group>";
		};
		06177C1D239A8B7E00FA8FC5 /* REST */ = {
			isa = PBXGroup;
			children = (
				06177C1E239A8B9100FA8FC5 /* Service.swift */,
			);
			path = REST;
			sourceTree = "<group>";
		};
		06177C20239AB0EC00FA8FC5 /* Model */ = {
			isa = PBXGroup;
			children = (
				067EB14323999C2D00CA6C69 /* MovieDetails.swift */,
				06177C21239AB10100FA8FC5 /* SearchMovie.swift */,
				06177C23239AB2CA00FA8FC5 /* SearchMovieDetails.swift */,
				06177C25239AB2F100FA8FC5 /* ResponseResult.swift */,
			);
			path = Model;
			sourceTree = "<group>";
		};
		06177C29239AB9D100FA8FC5 /* View */ = {
			isa = PBXGroup;
			children = (
				06177C27239AB9CC00FA8FC5 /* AlertPresenter.swift */,
				06177C2A239ABA4600FA8FC5 /* Reachability.swift */,
				06177C2C239ABEA900FA8FC5 /* Connectivity.swift */,
				063B0742239AF1720069AC67 /* MovieCustomTableViewCell.swift */,
			);
			path = View;
			sourceTree = "<group>";
		};
		067EB13F2399907C00CA6C69 /* Utilities */ = {
			isa = PBXGroup;
			children = (
				06A99E252399337B0093EE0E /* AppDelegate.swift */,
				06A99E272399337B0093EE0E /* SceneDelegate.swift */,
				06A99E332399337E0093EE0E /* Info.plist */,
			);
			path = Utilities;
			sourceTree = "<group>";
		};
		067EB140239990AE00CA6C69 /* Stroyboard */ = {
			isa = PBXGroup;
			children = (
				06A99E2B2399337B0093EE0E /* Main.storyboard */,
				06A99E302399337E0093EE0E /* LaunchScreen.storyboard */,
			);
			path = Stroyboard;
			sourceTree = "<group>";
		};
		067EB141239990BA00CA6C69 /* Controller */ = {
			isa = PBXGroup;
			children = (
				06A99E292399337B0093EE0E /* SplashViewController.swift */,
				06177C2E239AC05F00FA8FC5 /* SearchViewController.swift */,
			);
			path = Controller;
			sourceTree = "<group>";
		};
		067EB142239990C200CA6C69 /* Resources */ = {
			isa = PBXGroup;
			children = (
				06A99E2E2399337E0093EE0E /* Assets.xcassets */,
			);
			path = Resources;
			sourceTree = "<group>";
		};
		06A99E192399337B0093EE0E = {
			isa = PBXGroup;
			children = (
				06A99E242399337B0093EE0E /* MovieNight */,
				06A99E3B2399337E0093EE0E /* MovieNightTests */,
				06A99E462399337E0093EE0E /* MovieNightUITests */,
				06A99E232399337B0093EE0E /* Products */,
				E4D3054368443F0A343FA300 /* Pods */,
				09D2B5DE1413D6E85A64EB0B /* Frameworks */,
			);
			sourceTree = "<group>";
		};
		06A99E232399337B0093EE0E /* Products */ = {
			isa = PBXGroup;
			children = (
				06A99E222399337B0093EE0E /* MovieNight.app */,
				06A99E382399337E0093EE0E /* MovieNightTests.xctest */,
				06A99E432399337E0093EE0E /* MovieNightUITests.xctest */,
			);
			name = Products;
			sourceTree = "<group>";
		};
		06A99E242399337B0093EE0E /* MovieNight */ = {
			isa = PBXGroup;
			children = (
				067EB13F2399907C00CA6C69 /* Utilities */,
				06177C1C239A8B7400FA8FC5 /* Service */,
				06177C29239AB9D100FA8FC5 /* View */,
				06177C20239AB0EC00FA8FC5 /* Model */,
				067EB141239990BA00CA6C69 /* Controller */,
				067EB140239990AE00CA6C69 /* Stroyboard */,
				067EB142239990C200CA6C69 /* Resources */,
			);
			path = MovieNight;
			sourceTree = "<group>";
		};
		06A99E3B2399337E0093EE0E /* MovieNightTests */ = {
			isa = PBXGroup;
			children = (
				06A99E3C2399337E0093EE0E /* MovieNightTests.swift */,
				06A99E3E2399337E0093EE0E /* Info.plist */,
			);
			path = MovieNightTests;
			sourceTree = "<group>";
		};
		06A99E462399337E0093EE0E /* MovieNightUITests */ = {
			isa = PBXGroup;
			children = (
				06A99E472399337E0093EE0E /* MovieNightUITests.swift */,
				06A99E492399337E0093EE0E /* Info.plist */,
			);
			path = MovieNightUITests;
			sourceTree = "<group>";
		};
		09D2B5DE1413D6E85A64EB0B /* Frameworks */ = {
			isa = PBXGroup;
			children = (
				06AFEA54239A7DC2007358B3 /* Alamofire.framework */,
				06AFEA50239A7D2B007358B3 /* Alamofire.framework */,
				06AFEA4C239A7CC5007358B3 /* Alamofire.framework */,
				3877391D81239A2228138614 /* Pods_MovieNight.framework */,
			);
			name = Frameworks;
			sourceTree = "<group>";
		};
		E4D3054368443F0A343FA300 /* Pods */ = {
			isa = PBXGroup;
			children = (
				DA6116E09B7FE2DCCE21D3A0 /* Pods-MovieNight.debug.xcconfig */,
				06D9B24D05FF4400EBC10215 /* Pods-MovieNight.release.xcconfig */,
			);
			path = Pods;
			sourceTree = "<group>";
		};
/* End PBXGroup section */

/* Begin PBXNativeTarget section */
		06A99E212399337B0093EE0E /* MovieNight */ = {
			isa = PBXNativeTarget;
			buildConfigurationList = 06A99E4C2399337E0093EE0E /* Build configuration list for PBXNativeTarget "MovieNight" */;
			buildPhases = (
				D9BBD02803804CA122F045FC /* [CP] Check Pods Manifest.lock */,
				06A99E1E2399337B0093EE0E /* Sources */,
				06A99E1F2399337B0093EE0E /* Frameworks */,
				06A99E202399337B0093EE0E /* Resources */,
				A5AED5FDD573001272A241FA /* [CP] Embed Pods Frameworks */,
			);
			buildRules = (
			);
			dependencies = (
			);
			name = MovieNight;
			productName = MovieNight;
			productReference = 06A99E222399337B0093EE0E /* MovieNight.app */;
			productType = "com.apple.product-type.application";
		};
		06A99E372399337E0093EE0E /* MovieNightTests */ = {
			isa = PBXNativeTarget;
			buildConfigurationList = 06A99E4F2399337E0093EE0E /* Build configuration list for PBXNativeTarget "MovieNightTests" */;
			buildPhases = (
				06A99E342399337E0093EE0E /* Sources */,
				06A99E352399337E0093EE0E /* Frameworks */,
				06A99E362399337E0093EE0E /* Resources */,
			);
			buildRules = (
			);
			dependencies = (
				06A99E3A2399337E0093EE0E /* PBXTargetDependency */,
			);
			name = MovieNightTests;
			productName = MovieNightTests;
			productReference = 06A99E382399337E0093EE0E /* MovieNightTests.xctest */;
			productType = "com.apple.product-type.bundle.unit-test";
		};
		06A99E422399337E0093EE0E /* MovieNightUITests */ = {
			isa = PBXNativeTarget;
			buildConfigurationList = 06A99E522399337E0093EE0E /* Build configuration list for PBXNativeTarget "MovieNightUITests" */;
			buildPhases = (
				06A99E3F2399337E0093EE0E /* Sources */,
				06A99E402399337E0093EE0E /* Frameworks */,
				06A99E412399337E0093EE0E /* Resources */,
			);
			buildRules = (
			);
			dependencies = (
				06A99E452399337E0093EE0E /* PBXTargetDependency */,
			);
			name = MovieNightUITests;
			productName = MovieNightUITests;
			productReference = 06A99E432399337E0093EE0E /* MovieNightUITests.xctest */;
			productType = "com.apple.product-type.bundle.ui-testing";
		};
/* End PBXNativeTarget section */

/* Begin PBXProject section */
		06A99E1A2399337B0093EE0E /* Project object */ = {
			isa = PBXProject;
			attributes = {
				LastSwiftUpdateCheck = 1120;
				LastUpgradeCheck = 1120;
				ORGANIZATIONNAME = YildizUysal;
				TargetAttributes = {
					06A99E212399337B0093EE0E = {
						CreatedOnToolsVersion = 11.2.1;
					};
					06A99E372399337E0093EE0E = {
						CreatedOnToolsVersion = 11.2.1;
						TestTargetID = 06A99E212399337B0093EE0E;
					};
					06A99E422399337E0093EE0E = {
						CreatedOnToolsVersion = 11.2.1;
						TestTargetID = 06A99E212399337B0093EE0E;
					};
				};
			};
			buildConfigurationList = 06A99E1D2399337B0093EE0E /* Build configuration list for PBXProject "MovieNight" */;
			compatibilityVersion = "Xcode 9.3";
			developmentRegion = en;
			hasScannedForEncodings = 0;
			knownRegions = (
				en,
				Base,
			);
			mainGroup = 06A99E192399337B0093EE0E;
			productRefGroup = 06A99E232399337B0093EE0E /* Products */;
			projectDirPath = "";
			projectRoot = "";
			targets = (
				06A99E212399337B0093EE0E /* MovieNight */,
				06A99E372399337E0093EE0E /* MovieNightTests */,
				06A99E422399337E0093EE0E /* MovieNightUITests */,
			);
		};
/* End PBXProject section */

/* Begin PBXResourcesBuildPhase section */
		06A99E202399337B0093EE0E /* Resources */ = {
			isa = PBXResourcesBuildPhase;
			buildActionMask = 2147483647;
			files = (
				06A99E322399337E0093EE0E /* LaunchScreen.storyboard in Resources */,
				06A99E2F2399337E0093EE0E /* Assets.xcassets in Resources */,
				06A99E2D2399337B0093EE0E /* Main.storyboard in Resources */,
			);
			runOnlyForDeploymentPostprocessing = 0;
		};
		06A99E362399337E0093EE0E /* Resources */ = {
			isa = PBXResourcesBuildPhase;
			buildActionMask = 2147483647;
			files = (
			);
			runOnlyForDeploymentPostprocessing = 0;
		};
		06A99E412399337E0093EE0E /* Resources */ = {
			isa = PBXResourcesBuildPhase;
			buildActionMask = 2147483647;
			files = (
			);
			runOnlyForDeploymentPostprocessing = 0;
		};
/* End PBXResourcesBuildPhase section */

/* Begin PBXShellScriptBuildPhase section */
		A5AED5FDD573001272A241FA /* [CP] Embed Pods Frameworks */ = {
			isa = PBXShellScriptBuildPhase;
			buildActionMask = 2147483647;
			files = (
			);
			inputFileListPaths = (
				"${PODS_ROOT}/Target Support Files/Pods-MovieNight/Pods-MovieNight-frameworks-${CONFIGURATION}-input-files.xcfilelist",
			);
			name = "[CP] Embed Pods Frameworks";
			outputFileListPaths = (
				"${PODS_ROOT}/Target Support Files/Pods-MovieNight/Pods-MovieNight-frameworks-${CONFIGURATION}-output-files.xcfilelist",
			);
			runOnlyForDeploymentPostprocessing = 0;
			shellPath = /bin/sh;
			shellScript = "\"${PODS_ROOT}/Target Support Files/Pods-MovieNight/Pods-MovieNight-frameworks.sh\"\n";
			showEnvVarsInLog = 0;
		};
		D9BBD02803804CA122F045FC /* [CP] Check Pods Manifest.lock */ = {
			isa = PBXShellScriptBuildPhase;
			buildActionMask = 2147483647;
			files = (
			);
			inputFileListPaths = (
			);
			inputPaths = (
				"${PODS_PODFILE_DIR_PATH}/Podfile.lock",
				"${PODS_ROOT}/Manifest.lock",
			);
			name = "[CP] Check Pods Manifest.lock";
			outputFileListPaths = (
			);
			outputPaths = (
				"$(DERIVED_FILE_DIR)/Pods-MovieNight-checkManifestLockResult.txt",
			);
			runOnlyForDeploymentPostprocessing = 0;
			shellPath = /bin/sh;
			shellScript = "diff \"${PODS_PODFILE_DIR_PATH}/Podfile.lock\" \"${PODS_ROOT}/Manifest.lock\" > /dev/null\nif [ $? != 0 ] ; then\n    # print error to STDERR\n    echo \"error: The sandbox is not in sync with the Podfile.lock. Run 'pod install' or update your CocoaPods installation.\" >&2\n    exit 1\nfi\n# This output is used by Xcode 'outputs' to avoid re-running this script phase.\necho \"SUCCESS\" > \"${SCRIPT_OUTPUT_FILE_0}\"\n";
			showEnvVarsInLog = 0;
		};
/* End PBXShellScriptBuildPhase section */

/* Begin PBXSourcesBuildPhase section */
		06A99E1E2399337B0093EE0E /* Sources */ = {
			isa = PBXSourcesBuildPhase;
			buildActionMask = 2147483647;
			files = (
				06177C28239AB9CC00FA8FC5 /* AlertPresenter.swift in Sources */,
				063B0743239AF1720069AC67 /* MovieCustomTableViewCell.swift in Sources */,
				06177C24239AB2CA00FA8FC5 /* SearchMovieDetails.swift in Sources */,
				06A99E2A2399337B0093EE0E /* SplashViewController.swift in Sources */,
				06A99E262399337B0093EE0E /* AppDelegate.swift in Sources */,
				06177C22239AB10100FA8FC5 /* SearchMovie.swift in Sources */,
				06177C1F239A8B9100FA8FC5 /* Service.swift in Sources */,
				06177C2F239AC05F00FA8FC5 /* SearchViewController.swift in Sources */,
				06177C2B239ABA4600FA8FC5 /* Reachability.swift in Sources */,
				06177C2D239ABEA900FA8FC5 /* Connectivity.swift in Sources */,
				06177C26239AB2F100FA8FC5 /* ResponseResult.swift in Sources */,
				067EB14423999C2E00CA6C69 /* MovieDetails.swift in Sources */,
				06A99E282399337B0093EE0E /* SceneDelegate.swift in Sources */,
			);
			runOnlyForDeploymentPostprocessing = 0;
		};
		06A99E342399337E0093EE0E /* Sources */ = {
			isa = PBXSourcesBuildPhase;
			buildActionMask = 2147483647;
			files = (
				06A99E3D2399337E0093EE0E /* MovieNightTests.swift in Sources */,
			);
			runOnlyForDeploymentPostprocessing = 0;
		};
		06A99E3F2399337E0093EE0E /* Sources */ = {
			isa = PBXSourcesBuildPhase;
			buildActionMask = 2147483647;
			files = (
				06A99E482399337E0093EE0E /* MovieNightUITests.swift in Sources */,
			);
			runOnlyForDeploymentPostprocessing = 0;
		};
/* End PBXSourcesBuildPhase section */

/* Begin PBXTargetDependency section */
		06A99E3A2399337E0093EE0E /* PBXTargetDependency */ = {
			isa = PBXTargetDependency;
			target = 06A99E212399337B0093EE0E /* MovieNight */;
			targetProxy = 06A99E392399337E0093EE0E /* PBXContainerItemProxy */;
		};
		06A99E452399337E0093EE0E /* PBXTargetDependency */ = {
			isa = PBXTargetDependency;
			target = 06A99E212399337B0093EE0E /* MovieNight */;
			targetProxy = 06A99E442399337E0093EE0E /* PBXContainerItemProxy */;
		};
/* End PBXTargetDependency section */

/* Begin PBXVariantGroup section */
		06A99E2B2399337B0093EE0E /* Main.storyboard */ = {
			isa = PBXVariantGroup;
			children = (
				06A99E2C2399337B0093EE0E /* Base */,
			);
			name = Main.storyboard;
			sourceTree = "<group>";
		};
		06A99E302399337E0093EE0E /* LaunchScreen.storyboard */ = {
			isa = PBXVariantGroup;
			children = (
				06A99E312399337E0093EE0E /* Base */,
			);
			name = LaunchScreen.storyboard;
			sourceTree = "<group>";
		};
/* End PBXVariantGroup section */

/* Begin XCBuildConfiguration section */
		06A99E4A2399337E0093EE0E /* Debug */ = {
			isa = XCBuildConfiguration;
			buildSettings = {
				ALWAYS_SEARCH_USER_PATHS = NO;
				CLANG_ANALYZER_NONNULL = YES;
				CLANG_ANALYZER_NUMBER_OBJECT_CONVERSION = YES_AGGRESSIVE;
				CLANG_CXX_LANGUAGE_STANDARD = "gnu++14";
				CLANG_CXX_LIBRARY = "libc++";
				CLANG_ENABLE_MODULES = YES;
				CLANG_ENABLE_OBJC_ARC = YES;
				CLANG_ENABLE_OBJC_WEAK = YES;
				CLANG_WARN_BLOCK_CAPTURE_AUTORELEASING = YES;
				CLANG_WARN_BOOL_CONVERSION = YES;
				CLANG_WARN_COMMA = YES;
				CLANG_WARN_CONSTANT_CONVERSION = YES;
				CLANG_WARN_DEPRECATED_OBJC_IMPLEMENTATIONS = YES;
				CLANG_WARN_DIRECT_OBJC_ISA_USAGE = YES_ERROR;
				CLANG_WARN_DOCUMENTATION_COMMENTS = YES;
				CLANG_WARN_EMPTY_BODY = YES;
				CLANG_WARN_ENUM_CONVERSION = YES;
				CLANG_WARN_INFINITE_RECURSION = YES;
				CLANG_WARN_INT_CONVERSION = YES;
				CLANG_WARN_NON_LITERAL_NULL_CONVERSION = YES;
				CLANG_WARN_OBJC_IMPLICIT_RETAIN_SELF = YES;
				CLANG_WARN_OBJC_LITERAL_CONVERSION = YES;
				CLANG_WARN_OBJC_ROOT_CLASS = YES_ERROR;
				CLANG_WARN_RANGE_LOOP_ANALYSIS = YES;
				CLANG_WARN_STRICT_PROTOTYPES = YES;
				CLANG_WARN_SUSPICIOUS_MOVE = YES;
				CLANG_WARN_UNGUARDED_AVAILABILITY = YES_AGGRESSIVE;
				CLANG_WARN_UNREACHABLE_CODE = YES;
				CLANG_WARN__DUPLICATE_METHOD_MATCH = YES;
				COPY_PHASE_STRIP = NO;
				DEBUG_INFORMATION_FORMAT = dwarf;
				ENABLE_STRICT_OBJC_MSGSEND = YES;
				ENABLE_TESTABILITY = YES;
				GCC_C_LANGUAGE_STANDARD = gnu11;
				GCC_DYNAMIC_NO_PIC = NO;
				GCC_NO_COMMON_BLOCKS = YES;
				GCC_OPTIMIZATION_LEVEL = 0;
				GCC_PREPROCESSOR_DEFINITIONS = (
					"DEBUG=1",
					"$(inherited)",
				);
				GCC_WARN_64_TO_32_BIT_CONVERSION = YES;
				GCC_WARN_ABOUT_RETURN_TYPE = YES_ERROR;
				GCC_WARN_UNDECLARED_SELECTOR = YES;
				GCC_WARN_UNINITIALIZED_AUTOS = YES_AGGRESSIVE;
				GCC_WARN_UNUSED_FUNCTION = YES;
				GCC_WARN_UNUSED_VARIABLE = YES;
				IPHONEOS_DEPLOYMENT_TARGET = 13.2;
				MTL_ENABLE_DEBUG_INFO = INCLUDE_SOURCE;
				MTL_FAST_MATH = YES;
				ONLY_ACTIVE_ARCH = YES;
				SDKROOT = iphoneos;
				SWIFT_ACTIVE_COMPILATION_CONDITIONS = DEBUG;
				SWIFT_OPTIMIZATION_LEVEL = "-Onone";
			};
			name = Debug;
		};
		06A99E4B2399337E0093EE0E /* Release */ = {
			isa = XCBuildConfiguration;
			buildSettings = {
				ALWAYS_SEARCH_USER_PATHS = NO;
				CLANG_ANALYZER_NONNULL = YES;
				CLANG_ANALYZER_NUMBER_OBJECT_CONVERSION = YES_AGGRESSIVE;
				CLANG_CXX_LANGUAGE_STANDARD = "gnu++14";
				CLANG_CXX_LIBRARY = "libc++";
				CLANG_ENABLE_MODULES = YES;
				CLANG_ENABLE_OBJC_ARC = YES;
				CLANG_ENABLE_OBJC_WEAK = YES;
				CLANG_WARN_BLOCK_CAPTURE_AUTORELEASING = YES;
				CLANG_WARN_BOOL_CONVERSION = YES;
				CLANG_WARN_COMMA = YES;
				CLANG_WARN_CONSTANT_CONVERSION = YES;
				CLANG_WARN_DEPRECATED_OBJC_IMPLEMENTATIONS = YES;
				CLANG_WARN_DIRECT_OBJC_ISA_USAGE = YES_ERROR;
				CLANG_WARN_DOCUMENTATION_COMMENTS = YES;
				CLANG_WARN_EMPTY_BODY = YES;
				CLANG_WARN_ENUM_CONVERSION = YES;
				CLANG_WARN_INFINITE_RECURSION = YES;
				CLANG_WARN_INT_CONVERSION = YES;
				CLANG_WARN_NON_LITERAL_NULL_CONVERSION = YES;
				CLANG_WARN_OBJC_IMPLICIT_RETAIN_SELF = YES;
				CLANG_WARN_OBJC_LITERAL_CONVERSION = YES;
				CLANG_WARN_OBJC_ROOT_CLASS = YES_ERROR;
				CLANG_WARN_RANGE_LOOP_ANALYSIS = YES;
				CLANG_WARN_STRICT_PROTOTYPES = YES;
				CLANG_WARN_SUSPICIOUS_MOVE = YES;
				CLANG_WARN_UNGUARDED_AVAILABILITY = YES_AGGRESSIVE;
				CLANG_WARN_UNREACHABLE_CODE = YES;
				CLANG_WARN__DUPLICATE_METHOD_MATCH = YES;
				COPY_PHASE_STRIP = NO;
				DEBUG_INFORMATION_FORMAT = "dwarf-with-dsym";
				ENABLE_NS_ASSERTIONS = NO;
				ENABLE_STRICT_OBJC_MSGSEND = YES;
				GCC_C_LANGUAGE_STANDARD = gnu11;
				GCC_NO_COMMON_BLOCKS = YES;
				GCC_WARN_64_TO_32_BIT_CONVERSION = YES;
				GCC_WARN_ABOUT_RETURN_TYPE = YES_ERROR;
				GCC_WARN_UNDECLARED_SELECTOR = YES;
				GCC_WARN_UNINITIALIZED_AUTOS = YES_AGGRESSIVE;
				GCC_WARN_UNUSED_FUNCTION = YES;
				GCC_WARN_UNUSED_VARIABLE = YES;
				IPHONEOS_DEPLOYMENT_TARGET = 13.2;
				MTL_ENABLE_DEBUG_INFO = NO;
				MTL_FAST_MATH = YES;
				SDKROOT = iphoneos;
				SWIFT_COMPILATION_MODE = wholemodule;
				SWIFT_OPTIMIZATION_LEVEL = "-O";
				VALIDATE_PRODUCT = YES;
			};
			name = Release;
		};
		06A99E4D2399337E0093EE0E /* Debug */ = {
			isa = XCBuildConfiguration;
			baseConfigurationReference = DA6116E09B7FE2DCCE21D3A0 /* Pods-MovieNight.debug.xcconfig */;
			buildSettings = {
				ASSETCATALOG_COMPILER_APPICON_NAME = AppIcon;
				CODE_SIGN_STYLE = Automatic;
				DEVELOPMENT_TEAM = 2L9KNYAC9K;
				INFOPLIST_FILE = MovieNight/Utilities/Info.plist;
				LD_RUNPATH_SEARCH_PATHS = (
					"$(inherited)",
					"@executable_path/Frameworks",
				);
				PRODUCT_BUNDLE_IDENTIFIER = com.yildizuysal.MovieNight;
				PRODUCT_NAME = "$(TARGET_NAME)";
				SWIFT_VERSION = 5.0;
				TARGETED_DEVICE_FAMILY = "1,2";
			};
			name = Debug;
		};
		06A99E4E2399337E0093EE0E /* Release */ = {
			isa = XCBuildConfiguration;
			baseConfigurationReference = 06D9B24D05FF4400EBC10215 /* Pods-MovieNight.release.xcconfig */;
			buildSettings = {
				ASSETCATALOG_COMPILER_APPICON_NAME = AppIcon;
				CODE_SIGN_STYLE = Automatic;
				DEVELOPMENT_TEAM = 2L9KNYAC9K;
				INFOPLIST_FILE = MovieNight/Utilities/Info.plist;
				LD_RUNPATH_SEARCH_PATHS = (
					"$(inherited)",
					"@executable_path/Frameworks",
				);
				PRODUCT_BUNDLE_IDENTIFIER = com.yildizuysal.MovieNight;
				PRODUCT_NAME = "$(TARGET_NAME)";
				SWIFT_VERSION = 5.0;
				TARGETED_DEVICE_FAMILY = "1,2";
			};
			name = Release;
		};
		06A99E502399337E0093EE0E /* Debug */ = {
			isa = XCBuildConfiguration;
			buildSettings = {
				ALWAYS_EMBED_SWIFT_STANDARD_LIBRARIES = YES;
				BUNDLE_LOADER = "$(TEST_HOST)";
				CODE_SIGN_STYLE = Automatic;
				DEVELOPMENT_TEAM = 2L9KNYAC9K;
				INFOPLIST_FILE = MovieNightTests/Info.plist;
				IPHONEOS_DEPLOYMENT_TARGET = 13.2;
				LD_RUNPATH_SEARCH_PATHS = (
					"$(inherited)",
					"@executable_path/Frameworks",
					"@loader_path/Frameworks",
				);
				PRODUCT_BUNDLE_IDENTIFIER = com.yildizuysal.MovieNightTests;
				PRODUCT_NAME = "$(TARGET_NAME)";
				SWIFT_VERSION = 5.0;
				TARGETED_DEVICE_FAMILY = "1,2";
				TEST_HOST = "$(BUILT_PRODUCTS_DIR)/MovieNight.app/MovieNight";
			};
			name = Debug;
		};
		06A99E512399337E0093EE0E /* Release */ = {
			isa = XCBuildConfiguration;
			buildSettings = {
				ALWAYS_EMBED_SWIFT_STANDARD_LIBRARIES = YES;
				BUNDLE_LOADER = "$(TEST_HOST)";
				CODE_SIGN_STYLE = Automatic;
				DEVELOPMENT_TEAM = 2L9KNYAC9K;
				INFOPLIST_FILE = MovieNightTests/Info.plist;
				IPHONEOS_DEPLOYMENT_TARGET = 13.2;
				LD_RUNPATH_SEARCH_PATHS = (
					"$(inherited)",
					"@executable_path/Frameworks",
					"@loader_path/Frameworks",
				);
				PRODUCT_BUNDLE_IDENTIFIER = com.yildizuysal.MovieNightTests;
				PRODUCT_NAME = "$(TARGET_NAME)";
				SWIFT_VERSION = 5.0;
				TARGETED_DEVICE_FAMILY = "1,2";
				TEST_HOST = "$(BUILT_PRODUCTS_DIR)/MovieNight.app/MovieNight";
			};
			name = Release;
		};
		06A99E532399337E0093EE0E /* Debug */ = {
			isa = XCBuildConfiguration;
			buildSettings = {
				ALWAYS_EMBED_SWIFT_STANDARD_LIBRARIES = YES;
				CODE_SIGN_STYLE = Automatic;
				DEVELOPMENT_TEAM = 2L9KNYAC9K;
				INFOPLIST_FILE = MovieNightUITests/Info.plist;
				LD_RUNPATH_SEARCH_PATHS = (
					"$(inherited)",
					"@executable_path/Frameworks",
					"@loader_path/Frameworks",
				);
				PRODUCT_BUNDLE_IDENTIFIER = com.yildizuysal.MovieNightUITests;
				PRODUCT_NAME = "$(TARGET_NAME)";
				SWIFT_VERSION = 5.0;
				TARGETED_DEVICE_FAMILY = "1,2";
				TEST_TARGET_NAME = MovieNight;
			};
			name = Debug;
		};
		06A99E542399337E0093EE0E /* Release */ = {
			isa = XCBuildConfiguration;
			buildSettings = {
				ALWAYS_EMBED_SWIFT_STANDARD_LIBRARIES = YES;
				CODE_SIGN_STYLE = Automatic;
				DEVELOPMENT_TEAM = 2L9KNYAC9K;
				INFOPLIST_FILE = MovieNightUITests/Info.plist;
				LD_RUNPATH_SEARCH_PATHS = (
					"$(inherited)",
					"@executable_path/Frameworks",
					"@loader_path/Frameworks",
				);
				PRODUCT_BUNDLE_IDENTIFIER = com.yildizuysal.MovieNightUITests;
				PRODUCT_NAME = "$(TARGET_NAME)";
				SWIFT_VERSION = 5.0;
				TARGETED_DEVICE_FAMILY = "1,2";
				TEST_TARGET_NAME = MovieNight;
			};
			name = Release;
		};
/* End XCBuildConfiguration section */

/* Begin XCConfigurationList section */
		06A99E1D2399337B0093EE0E /* Build configuration list for PBXProject "MovieNight" */ = {
			isa = XCConfigurationList;
			buildConfigurations = (
				06A99E4A2399337E0093EE0E /* Debug */,
				06A99E4B2399337E0093EE0E /* Release */,
			);
			defaultConfigurationIsVisible = 0;
			defaultConfigurationName = Release;
		};
		06A99E4C2399337E0093EE0E /* Build configuration list for PBXNativeTarget "MovieNight" */ = {
			isa = XCConfigurationList;
			buildConfigurations = (
				06A99E4D2399337E0093EE0E /* Debug */,
				06A99E4E2399337E0093EE0E /* Release */,
			);
			defaultConfigurationIsVisible = 0;
			defaultConfigurationName = Release;
		};
		06A99E4F2399337E0093EE0E /* Build configuration list for PBXNativeTarget "MovieNightTests" */ = {
			isa = XCConfigurationList;
			buildConfigurations = (
				06A99E502399337E0093EE0E /* Debug */,
				06A99E512399337E0093EE0E /* Release */,
			);
			defaultConfigurationIsVisible = 0;
			defaultConfigurationName = Release;
		};
		06A99E522399337E0093EE0E /* Build configuration list for PBXNativeTarget "MovieNightUITests" */ = {
			isa = XCConfigurationList;
			buildConfigurations = (
				06A99E532399337E0093EE0E /* Debug */,
				06A99E542399337E0093EE0E /* Release */,
			);
			defaultConfigurationIsVisible = 0;
			defaultConfigurationName = Release;
		};
/* End XCConfigurationList section */
	};
	rootObject = 06A99E1A2399337B0093EE0E /* Project object */;
}
